{
  "name": "tarun-km-portfolio",
  "lockfileVersion": 3,
  "requires": true,
  "packages": {
    "": {
      "name": "tarun-km-portfolio",
      "dependencies": {
        "@neondatabase/serverless": "^1.0.0"
      },
      "devDependencies": {
        "@electric-sql/pglite": "^0.2.0"
      },
      "engines": {
        "node": ">=20"
      }
    },
    "node_modules/@electric-sql/pglite": {
      "version": "0.2.17",
      "resolved": "https://registry.npmjs.org/@electric-sql/pglite/-/pglite-0.2.17.tgz",
      "integrity": "sha512-qEpKRT2oUaWDH6tjRxLHjdzMqRUGYDnGZlKrnL4dJ77JVMcP2Hpo3NYnOSPKdZdeec57B6QPprCUFg0picx5Pw==",
      "dev": true,
      "license": "Apache-2.0"
    },
    "node_modules/@neondatabase/serverless": {
      "version": "1.1.0",
      "resolved": "https://registry.npmjs.org/@neondatabase/serverless/-/serverless-1.1.0.tgz",
      "integrity": "sha512-r3ZZhRjEcfEdKIZnoB1RusNgvHuaBRqfCzV4Gi+5A9yUX0S4HTws/ASWqt13wL4y4I+0rqsWGdA2w7EQXHi3+Q==",
      "license": "MIT",
      "engines": {
        "node": ">=19.0.0"
      }
    }
  }
}
